// !$*UTF8*$!
{
	archiveVersion = 1;
	classes = {
	};
	objectVersion = 46;
	objects = {

/* Begin PBXBuildFile section */
		DCF68E681F2CB5A20079FF63 /* AppDelegate.swift in Sources */ = {isa = PBXBuildFile; fileRef = DCF68E671F2CB5A20079FF63 /* AppDelegate.swift */; };
		DCF68E6A1F2CB5A20079FF63 /* ViewController.swift in Sources */ = {isa = PBXBuildFile; fileRef = DCF68E691F2CB5A20079FF63 /* ViewController.swift */; };
		DCF68E6D1F2CB5A20079FF63 /* Main.storyboard in Resources */ = {isa = PBXBuildFile; fileRef = DCF68E6B1F2CB5A20079FF63 /* Main.storyboard */; };
		DCF68E6F1F2CB5A20079FF63 /* Assets.xcassets in Resources */ = {isa = PBXBuildFile; fileRef = DCF68E6E1F2CB5A20079FF63 /* Assets.xcassets */; };
		DCF68E721F2CB5A20079FF63 /* LaunchScreen.storyboard in Resources */ = {isa = PBXBuildFile; fileRef = DCF68E701F2CB5A20079FF63 /* LaunchScreen.storyboard */; };
/* End PBXBuildFile section */

/* Begin PBXFileReference section */
		DCF68E641F2CB5A20079FF63 /* Wakup.app */ = {isa = PBXFileReference; explicitFileType = wrapper.application; includeInIndex = 0; path = Wakup.app; sourceTree = BUILT_PRODUCTS_DIR; };
		DCF68E671F2CB5A20079FF63 /* AppDelegate.swift */ = {isa = PBXFileReference; lastKnownFileType = sourcecode.swift; path = AppDelegate.swift; sourceTree = "<group>"; };
		DCF68E691F2CB5A20079FF63 /* ViewController.swift */ = {isa = PBXFileReference; lastKnownFileType = sourcecode.swift; path = ViewController.swift; sourceTree = "<group>"; };
		DCF68E6C1F2CB5A20079FF63 /* Base */ = {isa = PBXFileReference; lastKnownFileType = file.storyboard; name = Base; path = Base.lproj/Main.storyboard; sourceTree = "<group>"; };
		DCF68E6E1F2CB5A20079FF63 /* Assets.xcassets */ = {isa = PBXFileReference; lastKnownFileType = folder.assetcatalog; path = Assets.xcassets; sourceTree = "<group>"; };
		DCF68E711F2CB5A20079FF63 /* Base */ = {isa = PBXFileReference; lastKnownFileType = file.storyboard; name = Base; path = Base.lproj/LaunchScreen.storyboard; sourceTree = "<group>"; };
		DCF68E731F2CB5A20079FF63 /* Info.plist */ = {isa = PBXFileReference; lastKnownFileType = text.plist.xml; path = Info.plist; sourceTree = "<group>"; };
/* End PBXFileReference section */

/* Begin PBXFrameworksBuildPhase section */
		DCF68E611F2CB5A20079FF63 /* Frameworks */ = {
			isa = PBXFrameworksBuildPhase;
			buildActionMask = 2147483647;
			files = (
			);
			runOnlyForDeploymentPostprocessing = 0;
		};
/* End PBXFrameworksBuildPhase section */

/* Begin PBXGroup section */
		DCF68E5B1F2CB5A20079FF63 = {
			isa = PBXGroup;
			children = (
				DCF68E661F2CB5A20079FF63 /* Wakup */,
				DCF68E651F2CB5A20079FF63 /* Products */,
			);
			sourceTree = "<group>";
		};
		DCF68E651F2CB5A20079FF63 /* Products */ = {
			isa = PBXGroup;
			children = (
				DCF68E641F2CB5A20079FF63 /* Wakup.app */,
			);
			name = Products;
			sourceTree = "<group>";
		};
		DCF68E661F2CB5A20079FF63 /* Wakup */ = {
			isa = PBXGroup;
			children = (
				DCF68E671F2CB5A20079FF63 /* AppDelegate.swift */,
				DCF68E691F2CB5A20079FF63 /* ViewController.swift */,
				DCF68E6B1F2CB5A20079FF63 /* Main.storyboard */,
				DCF68E6E1F2CB5A20079FF63 /* Assets.xcassets */,
				DCF68E701F2CB5A20079FF63 /* LaunchScreen.storyboard */,
				DCF68E731F2CB5A20079FF63 /* Info.plist */,
			);
			path = Wakup;
			sourceTree = "<group>";
		};
/* End PBXGroup section */

/* Begin PBXNativeTarget section */
		DCF68E631F2CB5A20079FF63 /* Wakup */ = {
			isa = PBXNativeTarget;
			buildConfigurationList = DCF68E761F2CB5A20079FF63 /* Build configuration list for PBXNativeTarget "Wakup" */;
			buildPhases = (
				DCF68E601F2CB5A20079FF63 /* Sources */,
				DCF68E611F2CB5A20079FF63 /* Frameworks */,
				DCF68E621F2CB5A20079FF63 /* Resources */,
			);
			buildRules = (
			);
			dependencies = (
			);
			name = Wakup;
			productName = Wakup;
			productReference = DCF68E641F2CB5A20079FF63 /* Wakup.app */;
			productType = "com.apple.product-type.application";
		};
/* End PBXNativeTarget section */

/* Begin PBXProject section */
		DCF68E5C1F2CB5A20079FF63 /* Project object */ = {
			isa = PBXProject;
			attributes = {
				LastSwiftUpdateCheck = 0830;
				LastUpgradeCheck = 0830;
				ORGANIZATIONNAME = "Felix Zhang";
				TargetAttributes = {
					DCF68E631F2CB5A20079FF63 = {
						CreatedOnToolsVersion = 8.3.3;
						DevelopmentTeam = LC75G6EDD8;
						ProvisioningStyle = Automatic;
					};
				};
			};
			buildConfigurationList = DCF68E5F1F2CB5A20079FF63 /* Build configuration list for PBXProject "Wakup" */;
			compatibilityVersion = "Xcode 3.2";
			developmentRegion = English;
			hasScannedForEncodings = 0;
			knownRegions = (
				en,
				Base,
			);
			mainGroup = DCF68E5B1F2CB5A20079FF63;
			productRefGroup = DCF68E651F2CB5A20079FF63 /* Products */;
			projectDirPath = "";
			projectRoot = "";
			targets = (
				DCF68E631F2CB5A20079FF63 /* Wakup */,
			);
		};
/* End PBXProject section */

/* Begin PBXResourcesBuildPhase section */
		DCF68E621F2CB5A20079FF63 /* Resources */ = {
			isa = PBXResourcesBuildPhase;
			buildActionMask = 2147483647;
			files = (
				DCF68E721F2CB5A20079FF63 /* LaunchScreen.storyboard in Resources */,
				DCF68E6F1F2CB5A20079FF63 /* Assets.xcassets in Resources */,
				DCF68E6D1F2CB5A20079FF63 /* Main.storyboard in Resources */,
			);
			runOnlyForDeploymentPostprocessing = 0;
		};
/* End PBXResourcesBuildPhase section */

/* Begin PBXSourcesBuildPhase section */
		DCF68E601F2CB5A20079FF63 /* Sources */ = {
			isa = PBXSourcesBuildPhase;
			buildActionMask = 2147483647;
			files = (
				DCF68E6A1F2CB5A20079FF63 /* ViewController.swift in Sources */,
				DCF68E681F2CB5A20079FF63 /* AppDelegate.swift in Sources */,
			);
			runOnlyForDeploymentPostprocessing = 0;
		};
/* End PBXSourcesBuildPhase section */

/* Begin PBXVariantGroup section */
		DCF68E6B1F2CB5A20079FF63 /* Main.storyboard */ = {
			isa = PBXVariantGroup;
			children = (
				DCF68E6C1F2CB5A20079FF63 /* Base */,
			);
			name = Main.storyboard;
			sourceTree = "<group>";
		};
		DCF68E701F2CB5A20079FF63 /* LaunchScreen.storyboard */ = {
			isa = PBXVariantGroup;
			children = (
				DCF68E711F2CB5A20079FF63 /* Base */,
			);
			name = LaunchScreen.storyboard;
			sourceTree = "<group>";
		};
/* End PBXVariantGroup section */

/* Begin XCBuildConfiguration section */
		DCF68E741F2CB5A20079FF63 /* Debug */ = {
			isa = XCBuildConfiguration;
			buildSettings = {
				ALWAYS_SEARCH_USER_PATHS = NO;
				CLANG_ANALYZER_NONNULL = YES;
				CLANG_ANALYZER_NUMBER_OBJECT_CONVERSION = YES_AGGRESSIVE;
				CLANG_CXX_LANGUAGE_STANDARD = "gnu++0x";
				CLANG_CXX_LIBRARY = "libc++";
				CLANG_ENABLE_MODULES = YES;
				CLANG_ENABLE_OBJC_ARC = YES;
				CLANG_WARN_BOOL_CONVERSION = YES;
				CLANG_WARN_CONSTANT_CONVERSION = YES;
				CLANG_WARN_DIRECT_OBJC_ISA_USAGE = YES_ERROR;
				CLANG_WARN_DOCUMENTATION_COMMENTS = YES;
				CLANG_WARN_EMPTY_BODY = YES;
				CLANG_WARN_ENUM_CONVERSION = YES;
				CLANG_WARN_INFINITE_RECURSION = YES;
				CLANG_WARN_INT_CONVERSION = YES;
				CLANG_WARN_OBJC_ROOT_CLASS = YES_ERROR;
				CLANG_WARN_SUSPICIOUS_MOVE = YES;
				CLANG_WARN_UNREACHABLE_CODE = YES;
				CLANG_WARN__DUPLICATE_METHOD_MATCH = YES;
				"CODE_SIGN_IDENTITY[sdk=iphoneos*]" = "iPhone Developer";
				COPY_PHASE_STRIP = NO;
				DEBUG_INFORMATION_FORMAT = dwarf;
				ENABLE_STRICT_OBJC_MSGSEND = YES;
				ENABLE_TESTABILITY = YES;
				GCC_C_LANGUAGE_STANDARD = gnu99;
				GCC_DYNAMIC_NO_PIC = NO;
				GCC_NO_COMMON_BLOCKS = YES;
				GCC_OPTIMIZATION_LEVEL = 0;
				GCC_PREPROCESSOR_DEFINITIONS = (
					"DEBUG=1",
					"$(inherited)",
				);
				GCC_WARN_64_TO_32_BIT_CONVERSION = YES;
				GCC_WARN_ABOUT_RETURN_TYPE = YES_ERROR;
				GCC_WARN_UNDECLARED_SELECTOR = YES;
				GCC_WARN_UNINITIALIZED_AUTOS = YES_AGGRESSIVE;
				GCC_WARN_UNUSED_FUNCTION = YES;
				GCC_WARN_UNUSED_VARIABLE = YES;
				IPHONEOS_DEPLOYMENT_TARGET = 10.3;
				MTL_ENABLE_DEBUG_INFO = YES;
				ONLY_ACTIVE_ARCH = YES;
				SDKROOT = iphoneos;
				SWIFT_ACTIVE_COMPILATION_CONDITIONS = DEBUG;
				SWIFT_OPTIMIZATION_LEVEL = "-Onone";
			};
			name = Debug;
		};
		DCF68E751F2CB5A20079FF63 /* Release */ = {
			isa = XCBuildConfiguration;
			buildSettings = {
				ALWAYS_SEARCH_USER_PATHS = NO;
				CLANG_ANALYZER_NONNULL = YES;
				CLANG_ANALYZER_NUMBER_OBJECT_CONVERSION = YES_AGGRESSIVE;
				CLANG_CXX_LANGUAGE_STANDARD = "gnu++0x";
				CLANG_CXX_LIBRARY = "libc++";
				CLANG_ENABLE_MODULES = YES;
				CLANG_ENABLE_OBJC_ARC = YES;
				CLANG_WARN_BOOL_CONVERSION = YES;
				CLANG_WARN_CONSTANT_CONVERSION = YES;
				CLANG_WARN_DIRECT_OBJC_ISA_USAGE = YES_ERROR;
				CLANG_WARN_DOCUMENTATION_COMMENTS = YES;
				CLANG_WARN_EMPTY_BODY = YES;
				CLANG_WARN_ENUM_CONVERSION = YES;
				CLANG_WARN_INFINITE_RECURSION = YES;
				CLANG_WARN_INT_CONVERSION = YES;
				CLANG_WARN_OBJC_ROOT_CLASS = YES_ERROR;
				CLANG_WARN_SUSPICIOUS_MOVE = YES;
				CLANG_WARN_UNREACHABLE_CODE = YES;
				CLANG_WARN__DUPLICATE_METHOD_MATCH = YES;
				"CODE_SIGN_IDENTITY[sdk=iphoneos*]" = "iPhone Developer";
				COPY_PHASE_STRIP = NO;
				DEBUG_INFORMATION_FORMAT = "dwarf-with-dsym";
				ENABLE_NS_ASSERTIONS = NO;
				ENABLE_STRICT_OBJC_MSGSEND = YES;
				GCC_C_LANGUAGE_STANDARD = gnu99;
				GCC_NO_COMMON_BLOCKS = YES;
				GCC_WARN_64_TO_32_BIT_CONVERSION = YES;
				GCC_WARN_ABOUT_RETURN_TYPE = YES_ERROR;
				GCC_WARN_UNDECLARED_SELECTOR = YES;
				GCC_WARN_UNINITIALIZED_AUTOS = YES_AGGRESSIVE;
				GCC_WARN_UNUSED_FUNCTION = YES;
				GCC_WARN_UNUSED_VARIABLE = YES;
				IPHONEOS_DEPLOYMENT_TARGET = 10.3;
				MTL_ENABLE_DEBUG_INFO = NO;
				SDKROOT = iphoneos;
				SWIFT_OPTIMIZATION_LEVEL = "-Owholemodule";
				VALIDATE_PRODUCT = YES;
			};
			name = Release;
		};
		DCF68E771F2CB5A20079FF63 /* Debug */ = {
			isa = XCBuildConfiguration;
			buildSettings = {
				ASSETCATALOG_COMPILER_APPICON_NAME = AppIcon;
				DEVELOPMENT_TEAM = LC75G6EDD8;
				INFOPLIST_FILE = Wakup/Info.plist;
				LD_RUNPATH_SEARCH_PATHS = "$(inherited) @executable_path/Frameworks";
				PRODUCT_BUNDLE_IDENTIFIER = com.felixspace.Wakup;
				PRODUCT_NAME = "$(TARGET_NAME)";
				SWIFT_VERSION = 3.0;
			};
			name = Debug;
		};
		DCF68E781F2CB5A20079FF63 /* Release */ = {
			isa = XCBuildConfiguration;
			buildSettings = {
				ASSETCATALOG_COMPILER_APPICON_NAME = AppIcon;
				DEVELOPMENT_TEAM = LC75G6EDD8;
				INFOPLIST_FILE = Wakup/Info.plist;
				LD_RUNPATH_SEARCH_PATHS = "$(inherited) @executable_path/Frameworks";
				PRODUCT_BUNDLE_IDENTIFIER = com.felixspace.Wakup;
				PRODUCT_NAME = "$(TARGET_NAME)";
				SWIFT_VERSION = 3.0;
			};
			name = Release;
		};
/* End XCBuildConfiguration section */

/* Begin XCConfigurationList section */
		DCF68E5F1F2CB5A20079FF63 /* Build configuration list for PBXProject "Wakup" */ = {
			isa = XCConfigurationList;
			buildConfigurations = (
				DCF68E741F2CB5A20079FF63 /* Debug */,
				DCF68E751F2CB5A20079FF63 /* Release */,
			);
			defaultConfigurationIsVisible = 0;
			defaultConfigurationName = Release;
		};
		DCF68E761F2CB5A20079FF63 /* Build configuration list for PBXNativeTarget "Wakup" */ = {
			isa = XCConfigurationList;
			buildConfigurations = (
				DCF68E771F2CB5A20079FF63 /* Debug */,
				DCF68E781F2CB5A20079FF63 /* Release */,
			);
			defaultConfigurationIsVisible = 0;
		};
/* End XCConfigurationList section */
	};
	rootObject = DCF68E5C1F2CB5A20079FF63 /* Project object */;
}
